
Microsoft Visual Studio Solution File, Format Version 12.00
# Visual Studio 15
VisualStudioVersion = 15.0.27004.2006
MinimumVisualStudioVersion = 10.0.40219.1
Project("{D954291E-2A0B-460D-934E-DC6B0785DB48}") = "tdc2017poa_xam", "tdc2017poa_xam\tdc2017poa_xam\tdc2017poa_xam.shproj", "{E123601C-2DC5-43CB-8E66-90494F613B05}"
EndProject
Project("{FAE04EC0-301F-11D3-BF4B-00C04F79EFBC}") = "tdc2017poa_xam.Android", "tdc2017poa_xam\tdc2017poa_xam.Android\tdc2017poa_xam.Android.csproj", "{0539A1C6-A0E0-4B89-B0BC-B56CDBB11A8B}"
EndProject
Project("{FAE04EC0-301F-11D3-BF4B-00C04F79EFBC}") = "tdc2017poa_xam.iOS", "tdc2017poa_xam\tdc2017poa_xam.iOS\tdc2017poa_xam.iOS.csproj", "{7A21E872-28CE-43C5-91DC-E860BBD6EE28}"
EndProject
Global
	GlobalSection(SharedMSBuildProjectFiles) = preSolution
		tdc2017poa_xam\tdc2017poa_xam\tdc2017poa_xam.projitems*{0539a1c6-a0e0-4b89-b0bc-b56cdbb11a8b}*SharedItemsImports = 4
		tdc2017poa_xam\tdc2017poa_xam\tdc2017poa_xam.projitems*{7a21e872-28ce-43c5-91dc-e860bbd6ee28}*SharedItemsImports = 4
		tdc2017poa_xam\tdc2017poa_xam\tdc2017poa_xam.projitems*{e123601c-2dc5-43cb-8e66-90494f613b05}*SharedItemsImports = 13
	EndGlobalSection
	GlobalSection(SolutionConfigurationPlatforms) = preSolution
		Ad-Hoc|Any CPU = Ad-Hoc|Any CPU
		Ad-Hoc|ARM = Ad-Hoc|ARM
		Ad-Hoc|iPhone = Ad-Hoc|iPhone
		Ad-Hoc|iPhoneSimulator = Ad-Hoc|iPhoneSimulator
		Ad-Hoc|x64 = Ad-Hoc|x64
		Ad-Hoc|x86 = Ad-Hoc|x86
		AppStore|Any CPU = AppStore|Any CPU
		AppStore|ARM = AppStore|ARM
		AppStore|iPhone = AppStore|iPhone
		AppStore|iPhoneSimulator = AppStore|iPhoneSimulator
		AppStore|x64 = AppStore|x64
		AppStore|x86 = AppStore|x86
		Debug|Any CPU = Debug|Any CPU
		Debug|ARM = Debug|ARM
		Debug|iPhone = Debug|iPhone
		Debug|iPhoneSimulator = Debug|iPhoneSimulator
		Debug|x64 = Debug|x64
		Debug|x86 = Debug|x86
		Release|Any CPU = Release|Any CPU
		Release|ARM = Release|ARM
		Release|iPhone = Release|iPhone
		Release|iPhoneSimulator = Release|iPhoneSimulator
		Release|x64 = Release|x64
		Release|x86 = Release|x86
	EndGlobalSection
	GlobalSection(ProjectConfigurationPlatforms) = postSolution
		{0539A1C6-A0E0-4B89-B0BC-B56CDBB11A8B}.Ad-Hoc|Any CPU.ActiveCfg = Release|Any CPU
		{0539A1C6-A0E0-4B89-B0BC-B56CDBB11A8B}.Ad-Hoc|Any CPU.Build.0 = Release|Any CPU
		{0539A1C6-A0E0-4B89-B0BC-B56CDBB11A8B}.Ad-Hoc|Any CPU.Deploy.0 = Release|Any CPU
		{0539A1C6-A0E0-4B89-B0BC-B56CDBB11A8B}.Ad-Hoc|ARM.ActiveCfg = Release|Any CPU
		{0539A1C6-A0E0-4B89-B0BC-B56CDBB11A8B}.Ad-Hoc|ARM.Build.0 = Release|Any CPU
		{0539A1C6-A0E0-4B89-B0BC-B56CDBB11A8B}.Ad-Hoc|ARM.Deploy.0 = Release|Any CPU
		{0539A1C6-A0E0-4B89-B0BC-B56CDBB11A8B}.Ad-Hoc|iPhone.ActiveCfg = Release|Any CPU
		{0539A1C6-A0E0-4B89-B0BC-B56CDBB11A8B}.Ad-Hoc|iPhone.Build.0 = Release|Any CPU
		{0539A1C6-A0E0-4B89-B0BC-B56CDBB11A8B}.Ad-Hoc|iPhone.Deploy.0 = Release|Any CPU
		{0539A1C6-A0E0-4B89-B0BC-B56CDBB11A8B}.Ad-Hoc|iPhoneSimulator.ActiveCfg = Release|Any CPU
		{0539A1C6-A0E0-4B89-B0BC-B56CDBB11A8B}.Ad-Hoc|iPhoneSimulator.Build.0 = Release|Any CPU
		{0539A1C6-A0E0-4B89-B0BC-B56CDBB11A8B}.Ad-Hoc|iPhoneSimulator.Deploy.0 = Release|Any CPU
		{0539A1C6-A0E0-4B89-B0BC-B56CDBB11A8B}.Ad-Hoc|x64.ActiveCfg = Release|Any CPU
		{0539A1C6-A0E0-4B89-B0BC-B56CDBB11A8B}.Ad-Hoc|x64.Build.0 = Release|Any CPU
		{0539A1C6-A0E0-4B89-B0BC-B56CDBB11A8B}.Ad-Hoc|x64.Deploy.0 = Release|Any CPU
		{0539A1C6-A0E0-4B89-B0BC-B56CDBB11A8B}.Ad-Hoc|x86.ActiveCfg = Release|Any CPU
		{0539A1C6-A0E0-4B89-B0BC-B56CDBB11A8B}.Ad-Hoc|x86.Build.0 = Release|Any CPU
		{0539A1C6-A0E0-4B89-B0BC-B56CDBB11A8B}.Ad-Hoc|x86.Deploy.0 = Release|Any CPU
		{0539A1C6-A0E0-4B89-B0BC-B56CDBB11A8B}.AppStore|Any CPU.ActiveCfg = Release|Any CPU
		{0539A1C6-A0E0-4B89-B0BC-B56CDBB11A8B}.AppStore|Any CPU.Build.0 = Release|Any CPU
		{0539A1C6-A0E0-4B89-B0BC-B56CDBB11A8B}.AppStore|Any CPU.Deploy.0 = Release|Any CPU
		{0539A1C6-A0E0-4B89-B0BC-B56CDBB11A8B}.AppStore|ARM.ActiveCfg = Release|Any CPU
		{0539A1C6-A0E0-4B89-B0BC-B56CDBB11A8B}.AppStore|ARM.Build.0 = Release|Any CPU
		{0539A1C6-A0E0-4B89-B0BC-B56CDBB11A8B}.AppStore|ARM.Deploy.0 = Release|Any CPU
		{0539A1C6-A0E0-4B89-B0BC-B56CDBB11A8B}.AppStore|iPhone.ActiveCfg = Release|Any CPU
		{0539A1C6-A0E0-4B89-B0BC-B56CDBB11A8B}.AppStore|iPhone.Build.0 = Release|Any CPU
		{0539A1C6-A0E0-4B89-B0BC-B56CDBB11A8B}.AppStore|iPhone.Deploy.0 = Release|Any CPU
		{0539A1C6-A0E0-4B89-B0BC-B56CDBB11A8B}.AppStore|iPhoneSimulator.ActiveCfg = Release|Any CPU
		{0539A1C6-A0E0-4B89-B0BC-B56CDBB11A8B}.AppStore|iPhoneSimulator.Build.0 = Release|Any CPU
		{0539A1C6-A0E0-4B89-B0BC-B56CDBB11A8B}.AppStore|iPhoneSimulator.Deploy.0 = Release|Any CPU
		{0539A1C6-A0E0-4B89-B0BC-B56CDBB11A8B}.AppStore|x64.ActiveCfg = Release|Any CPU
		{0539A1C6-A0E0-4B89-B0BC-B56CDBB11A8B}.AppStore|x64.Build.0 = Release|Any CPU
		{0539A1C6-A0E0-4B89-B0BC-B56CDBB11A8B}.AppStore|x64.Deploy.0 = Release|Any CPU
		{0539A1C6-A0E0-4B89-B0BC-B56CDBB11A8B}.AppStore|x86.ActiveCfg = Release|Any CPU
		{0539A1C6-A0E0-4B89-B0BC-B56CDBB11A8B}.AppStore|x86.Build.0 = Release|Any CPU
		{0539A1C6-A0E0-4B89-B0BC-B56CDBB11A8B}.AppStore|x86.Deploy.0 = Release|Any CPU
		{0539A1C6-A0E0-4B89-B0BC-B56CDBB11A8B}.Debug|Any CPU.ActiveCfg = Debug|Any CPU
		{0539A1C6-A0E0-4B89-B0BC-B56CDBB11A8B}.Debug|Any CPU.Build.0 = Debug|Any CPU
		{0539A1C6-A0E0-4B89-B0BC-B56CDBB11A8B}.Debug|Any CPU.Deploy.0 = Debug|Any CPU
		{0539A1C6-A0E0-4B89-B0BC-B56CDBB11A8B}.Debug|ARM.ActiveCfg = Debug|Any CPU
		{0539A1C6-A0E0-4B89-B0BC-B56CDBB11A8B}.Debug|ARM.Build.0 = Debug|Any CPU
		{0539A1C6-A0E0-4B89-B0BC-B56CDBB11A8B}.Debug|ARM.Deploy.0 = Debug|Any CPU
		{0539A1C6-A0E0-4B89-B0BC-B56CDBB11A8B}.Debug|iPhone.ActiveCfg = Debug|Any CPU
		{0539A1C6-A0E0-4B89-B0BC-B56CDBB11A8B}.Debug|iPhone.Build.0 = Debug|Any CPU
		{0539A1C6-A0E0-4B89-B0BC-B56CDBB11A8B}.Debug|iPhone.Deploy.0 = Debug|Any CPU
		{0539A1C6-A0E0-4B89-B0BC-B56CDBB11A8B}.Debug|iPhoneSimulator.ActiveCfg = Debug|Any CPU
		{0539A1C6-A0E0-4B89-B0BC-B56CDBB11A8B}.Debug|iPhoneSimulator.Build.0 = Debug|Any CPU
		{0539A1C6-A0E0-4B89-B0BC-B56CDBB11A8B}.Debug|iPhoneSimulator.Deploy.0 = Debug|Any CPU
		{0539A1C6-A0E0-4B89-B0BC-B56CDBB11A8B}.Debug|x64.ActiveCfg = Debug|Any CPU
		{0539A1C6-A0E0-4B89-B0BC-B56CDBB11A8B}.Debug|x64.Build.0 = Debug|Any CPU
		{0539A1C6-A0E0-4B89-B0BC-B56CDBB11A8B}.Debug|x64.Deploy.0 = Debug|Any CPU
		{0539A1C6-A0E0-4B89-B0BC-B56CDBB11A8B}.Debug|x86.ActiveCfg = Debug|Any CPU
		{0539A1C6-A0E0-4B89-B0BC-B56CDBB11A8B}.Debug|x86.Build.0 = Debug|Any CPU
		{0539A1C6-A0E0-4B89-B0BC-B56CDBB11A8B}.Debug|x86.Deploy.0 = Debug|Any CPU
		{0539A1C6-A0E0-4B89-B0BC-B56CDBB11A8B}.Release|Any CPU.ActiveCfg = Release|Any CPU
		{0539A1C6-A0E0-4B89-B0BC-B56CDBB11A8B}.Release|Any CPU.Build.0 = Release|Any CPU
		{0539A1C6-A0E0-4B89-B0BC-B56CDBB11A8B}.Release|Any CPU.Deploy.0 = Release|Any CPU
		{0539A1C6-A0E0-4B89-B0BC-B56CDBB11A8B}.Release|ARM.ActiveCfg = Release|Any CPU
		{0539A1C6-A0E0-4B89-B0BC-B56CDBB11A8B}.Release|ARM.Build.0 = Release|Any CPU
		{0539A1C6-A0E0-4B89-B0BC-B56CDBB11A8B}.Release|ARM.Deploy.0 = Release|Any CPU
		{0539A1C6-A0E0-4B89-B0BC-B56CDBB11A8B}.Release|iPhone.ActiveCfg = Release|Any CPU
		{0539A1C6-A0E0-4B89-B0BC-B56CDBB11A8B}.Release|iPhone.Build.0 = Release|Any CPU
		{0539A1C6-A0E0-4B89-B0BC-B56CDBB11A8B}.Release|iPhone.Deploy.0 = Release|Any CPU
		{0539A1C6-A0E0-4B89-B0BC-B56CDBB11A8B}.Release|iPhoneSimulator.ActiveCfg = Release|Any CPU
		{0539A1C6-A0E0-4B89-B0BC-B56CDBB11A8B}.Release|iPhoneSimulator.Build.0 = Release|Any CPU
		{0539A1C6-A0E0-4B89-B0BC-B56CDBB11A8B}.Release|iPhoneSimulator.Deploy.0 = Release|Any CPU
		{0539A1C6-A0E0-4B89-B0BC-B56CDBB11A8B}.Release|x64.ActiveCfg = Release|Any CPU
		{0539A1C6-A0E0-4B89-B0BC-B56CDBB11A8B}.Release|x64.Build.0 = Release|Any CPU
		{0539A1C6-A0E0-4B89-B0BC-B56CDBB11A8B}.Release|x64.Deploy.0 = Release|Any CPU
		{0539A1C6-A0E0-4B89-B0BC-B56CDBB11A8B}.Release|x86.ActiveCfg = Release|Any CPU
		{0539A1C6-A0E0-4B89-B0BC-B56CDBB11A8B}.Release|x86.Build.0 = Release|Any CPU
		{0539A1C6-A0E0-4B89-B0BC-B56CDBB11A8B}.Release|x86.Deploy.0 = Release|Any CPU
		{7A21E872-28CE-43C5-91DC-E860BBD6EE28}.Ad-Hoc|Any CPU.ActiveCfg = Ad-Hoc|iPhoneSimulator
		{7A21E872-28CE-43C5-91DC-E860BBD6EE28}.Ad-Hoc|ARM.ActiveCfg = Ad-Hoc|iPhone
		{7A21E872-28CE-43C5-91DC-E860BBD6EE28}.Ad-Hoc|iPhone.ActiveCfg = Ad-Hoc|iPhone
		{7A21E872-28CE-43C5-91DC-E860BBD6EE28}.Ad-Hoc|iPhone.Build.0 = Ad-Hoc|iPhone
		{7A21E872-28CE-43C5-91DC-E860BBD6EE28}.Ad-Hoc|iPhoneSimulator.ActiveCfg = Ad-Hoc|iPhoneSimulator
		{7A21E872-28CE-43C5-91DC-E860BBD6EE28}.Ad-Hoc|iPhoneSimulator.Build.0 = Ad-Hoc|iPhoneSimulator
		{7A21E872-28CE-43C5-91DC-E860BBD6EE28}.Ad-Hoc|x64.ActiveCfg = Ad-Hoc|iPhone
		{7A21E872-28CE-43C5-91DC-E860BBD6EE28}.Ad-Hoc|x86.ActiveCfg = Ad-Hoc|iPhone
		{7A21E872-28CE-43C5-91DC-E860BBD6EE28}.AppStore|Any CPU.ActiveCfg = AppStore|iPhoneSimulator
		{7A21E872-28CE-43C5-91DC-E860BBD6EE28}.AppStore|ARM.ActiveCfg = AppStore|iPhone
		{7A21E872-28CE-43C5-91DC-E860BBD6EE28}.AppStore|iPhone.ActiveCfg = AppStore|iPhone
		{7A21E872-28CE-43C5-91DC-E860BBD6EE28}.AppStore|iPhone.Build.0 = AppStore|iPhone
		{7A21E872-28CE-43C5-91DC-E860BBD6EE28}.AppStore|iPhoneSimulator.ActiveCfg = AppStore|iPhoneSimulator
		{7A21E872-28CE-43C5-91DC-E860BBD6EE28}.AppStore|iPhoneSimulator.Build.0 = AppStore|iPhoneSimulator
		{7A21E872-28CE-43C5-91DC-E860BBD6EE28}.AppStore|x64.ActiveCfg = AppStore|iPhone
		{7A21E872-28CE-43C5-91DC-E860BBD6EE28}.AppStore|x86.ActiveCfg = AppStore|iPhone
		{7A21E872-28CE-43C5-91DC-E860BBD6EE28}.Debug|Any CPU.ActiveCfg = Debug|iPhoneSimulator
		{7A21E872-28CE-43C5-91DC-E860BBD6EE28}.Debug|ARM.ActiveCfg = Debug|iPhone
		{7A21E872-28CE-43C5-91DC-E860BBD6EE28}.Debug|iPhone.ActiveCfg = Debug|iPhone
		{7A21E872-28CE-43C5-91DC-E860BBD6EE28}.Debug|iPhone.Build.0 = Debug|iPhone
		{7A21E872-28CE-43C5-91DC-E860BBD6EE28}.Debug|iPhoneSimulator.ActiveCfg = Debug|iPhoneSimulator
		{7A21E872-28CE-43C5-91DC-E860BBD6EE28}.Debug|iPhoneSimulator.Build.0 = Debug|iPhoneSimulator
		{7A21E872-28CE-43C5-91DC-E860BBD6EE28}.Debug|x64.ActiveCfg = Debug|iPhone
		{7A21E872-28CE-43C5-91DC-E860BBD6EE28}.Debug|x86.ActiveCfg = Debug|iPhone
		{7A21E872-28CE-43C5-91DC-E860BBD6EE28}.Release|Any CPU.ActiveCfg = Release|iPhoneSimulator
		{7A21E872-28CE-43C5-91DC-E860BBD6EE28}.Release|ARM.ActiveCfg = Release|iPhone
		{7A21E872-28CE-43C5-91DC-E860BBD6EE28}.Release|iPhone.ActiveCfg = Release|iPhone
		{7A21E872-28CE-43C5-91DC-E860BBD6EE28}.Release|iPhone.Build.0 = Release|iPhone
		{7A21E872-28CE-43C5-91DC-E860BBD6EE28}.Release|iPhoneSimulator.ActiveCfg = Release|iPhoneSimulator
		{7A21E872-28CE-43C5-91DC-E860BBD6EE28}.Release|iPhoneSimulator.Build.0 = Release|iPhoneSimulator
		{7A21E872-28CE-43C5-91DC-E860BBD6EE28}.Release|x64.ActiveCfg = Release|iPhone
		{7A21E872-28CE-43C5-91DC-E860BBD6EE28}.Release|x86.ActiveCfg = Release|iPhone
	EndGlobalSection
	GlobalSection(SolutionProperties) = preSolution
		HideSolutionNode = FALSE
	EndGlobalSection
	GlobalSection(ExtensibilityGlobals) = postSolution
		SolutionGuid = {A2F88C72-5B7E-42B4-A47F-79AE39F25A4F}
	EndGlobalSection
EndGlobal
